<?xml version="1.0" encoding="utf-8"?>
<Project ToolsVersion="4.0" xmlns="http://schemas.microsoft.com/developer/msbuild/2003">
  <ItemGroup>
    <Filter Include="Stage">
      <UniqueIdentifier>{abfd0f23-358f-46be-aac2-5d020234e6cb}</UniqueIdentifier>
    </Filter>
    <Filter Include="Stage\PlayStage">
      <UniqueIdentifier>{0653c200-145c-4d25-988e-fded2a39b139}</UniqueIdentifier>
    </Filter>
    <Filter Include="Stage\StartStage">
      <UniqueIdentifier>{608c4fe9-8718-4687-b977-5b5136062df1}</UniqueIdentifier>
    </Filter>
    <Filter Include="Stage\EndStage">
      <UniqueIdentifier>{f125f3c3-eda2-498c-be91-8f16b8eb7f97}</UniqueIdentifier>
    </Filter>
    <Filter Include="MarioCore">
      <UniqueIdentifier>{951f4064-bb74-4662-a942-e9aa4bdf58fd}</UniqueIdentifier>
    </Filter>
    <Filter Include="Helper">
      <UniqueIdentifier>{4f76d478-4a20-41f7-bfb2-ffa2192a1048}</UniqueIdentifier>
    </Filter>
    <Filter Include="Stage\StartStage\Actor">
      <UniqueIdentifier>{4b22bdd1-19ca-4862-ba8f-42d2f499d361}</UniqueIdentifier>
    </Filter>
    <Filter Include="Stage\PlayStage\Actor">
      <UniqueIdentifier>{67981d75-707a-4683-baa3-88f566f64892}</UniqueIdentifier>
    </Filter>
  </ItemGroup>
  <ItemGroup>
    <ClInclude Include="MarioContentsCore.h">
      <Filter>MarioCore</Filter>
    </ClInclude>
    <ClInclude Include="StartMapLogo.h">
      <Filter>Stage\StartStage\Actor</Filter>
    </ClInclude>
    <ClInclude Include="StartStage.h">
      <Filter>Stage\StartStage</Filter>
    </ClInclude>
    <ClInclude Include="ContentsHelper.h" />
    <ClInclude Include="PlayStage.h">
      <Filter>Stage\PlayStage</Filter>
    </ClInclude>
    <ClInclude Include="BackGround.h">
      <Filter>Stage\PlayStage\Actor</Filter>
    </ClInclude>
    <ClInclude Include="Mario.h">
      <Filter>Stage\PlayStage\Actor</Filter>
    </ClInclude>
  </ItemGroup>
  <ItemGroup>
    <ClCompile Include="MarioContentsCore.cpp">
      <Filter>MarioCore</Filter>
    </ClCompile>
    <ClCompile Include="StartMapLogo.cpp">
      <Filter>Stage\StartStage\Actor</Filter>
    </ClCompile>
    <ClCompile Include="StartStage.cpp">
      <Filter>Stage\StartStage</Filter>
    </ClCompile>
    <ClCompile Include="ContentsHelper.cpp" />
    <ClCompile Include="PlayStage.cpp">
      <Filter>Stage\PlayStage</Filter>
    </ClCompile>
    <ClCompile Include="BackGround.cpp">
      <Filter>Stage\PlayStage\Actor</Filter>
    </ClCompile>
    <ClCompile Include="Mario.cpp">
      <Filter>Stage\PlayStage\Actor</Filter>
    </ClCompile>
  </ItemGroup>
</Project>