
Microsoft Visual Studio Solution File, Format Version 12.00
# Visual Studio Version 17
VisualStudioVersion = 17.8.34330.188
MinimumVisualStudioVersion = 10.0.40219.1
Project("{2150E333-8FDC-42A3-9474-1A3956D46DE8}") = "Level3", "Level3", "{DD122252-3B6C-4CF5-8E2B-EA8B0AC8284A}"
EndProject
Project("{2150E333-8FDC-42A3-9474-1A3956D46DE8}") = "Level4", "Level4", "{386588F6-935D-4ECB-A6FA-4175AF305794}"
EndProject
Project("{8BC9CEB8-8B4A-11D0-8D11-00A0C91BC942}") = "Mario", "Mario\Mario.vcxproj", "{5EEE52C5-C835-4A28-B162-45BBD81A1596}"
EndProject
Project("{8BC9CEB8-8B4A-11D0-8D11-00A0C91BC942}") = "MarioContents", "MarioContents\MarioContents.vcxproj", "{0C4854A2-CE10-4B45-B2BF-E62267446C69}"
EndProject
Project("{2150E333-8FDC-42A3-9474-1A3956D46DE8}") = "Level0", "Level0", "{5179BEF7-98F4-4C9C-BBEF-3F75E5F4B6E7}"
EndProject
Project("{8BC9CEB8-8B4A-11D0-8D11-00A0C91BC942}") = "EngineBase", "EngineBase\EngineBase.vcxproj", "{EA197215-13BB-4729-9573-DB483A0EE1A3}"
EndProject
Project("{2150E333-8FDC-42A3-9474-1A3956D46DE8}") = "Level1", "Level1", "{E836A05C-6E47-48DB-A1BF-BC6036B46EA8}"
EndProject
Project("{2150E333-8FDC-42A3-9474-1A3956D46DE8}") = "Level2", "Level2", "{955B8F33-358D-4FA7-8964-2802C4E2E937}"
EndProject
Project("{8BC9CEB8-8B4A-11D0-8D11-00A0C91BC942}") = "EngineCore", "EngineCore\EngineCore.vcxproj", "{35FA176C-16BB-4C2A-A672-F4FF30C1BEA5}"
EndProject
Project("{8BC9CEB8-8B4A-11D0-8D11-00A0C91BC942}") = "EnginePlatform", "EnginePlatform\EnginePlatform.vcxproj", "{F0716EC2-0BC5-43EA-9046-B203E0985A67}"
EndProject
Global
	GlobalSection(SolutionConfigurationPlatforms) = preSolution
		Debug|x64 = Debug|x64
		Debug|x86 = Debug|x86
		Release|x64 = Release|x64
		Release|x86 = Release|x86
	EndGlobalSection
	GlobalSection(ProjectConfigurationPlatforms) = postSolution
		{5EEE52C5-C835-4A28-B162-45BBD81A1596}.Debug|x64.ActiveCfg = Debug|x64
		{5EEE52C5-C835-4A28-B162-45BBD81A1596}.Debug|x64.Build.0 = Debug|x64
		{5EEE52C5-C835-4A28-B162-45BBD81A1596}.Debug|x86.ActiveCfg = Debug|Win32
		{5EEE52C5-C835-4A28-B162-45BBD81A1596}.Debug|x86.Build.0 = Debug|Win32
		{5EEE52C5-C835-4A28-B162-45BBD81A1596}.Release|x64.ActiveCfg = Release|x64
		{5EEE52C5-C835-4A28-B162-45BBD81A1596}.Release|x64.Build.0 = Release|x64
		{5EEE52C5-C835-4A28-B162-45BBD81A1596}.Release|x86.ActiveCfg = Release|Win32
		{5EEE52C5-C835-4A28-B162-45BBD81A1596}.Release|x86.Build.0 = Release|Win32
		{0C4854A2-CE10-4B45-B2BF-E62267446C69}.Debug|x64.ActiveCfg = Debug|x64
		{0C4854A2-CE10-4B45-B2BF-E62267446C69}.Debug|x64.Build.0 = Debug|x64
		{0C4854A2-CE10-4B45-B2BF-E62267446C69}.Debug|x86.ActiveCfg = Debug|Win32
		{0C4854A2-CE10-4B45-B2BF-E62267446C69}.Debug|x86.Build.0 = Debug|Win32
		{0C4854A2-CE10-4B45-B2BF-E62267446C69}.Release|x64.ActiveCfg = Release|x64
		{0C4854A2-CE10-4B45-B2BF-E62267446C69}.Release|x64.Build.0 = Release|x64
		{0C4854A2-CE10-4B45-B2BF-E62267446C69}.Release|x86.ActiveCfg = Release|Win32
		{0C4854A2-CE10-4B45-B2BF-E62267446C69}.Release|x86.Build.0 = Release|Win32
		{EA197215-13BB-4729-9573-DB483A0EE1A3}.Debug|x64.ActiveCfg = Debug|x64
		{EA197215-13BB-4729-9573-DB483A0EE1A3}.Debug|x64.Build.0 = Debug|x64
		{EA197215-13BB-4729-9573-DB483A0EE1A3}.Debug|x86.ActiveCfg = Debug|Win32
		{EA197215-13BB-4729-9573-DB483A0EE1A3}.Debug|x86.Build.0 = Debug|Win32
		{EA197215-13BB-4729-9573-DB483A0EE1A3}.Release|x64.ActiveCfg = Release|x64
		{EA197215-13BB-4729-9573-DB483A0EE1A3}.Release|x64.Build.0 = Release|x64
		{EA197215-13BB-4729-9573-DB483A0EE1A3}.Release|x86.ActiveCfg = Release|Win32
		{EA197215-13BB-4729-9573-DB483A0EE1A3}.Release|x86.Build.0 = Release|Win32
		{35FA176C-16BB-4C2A-A672-F4FF30C1BEA5}.Debug|x64.ActiveCfg = Debug|x64
		{35FA176C-16BB-4C2A-A672-F4FF30C1BEA5}.Debug|x64.Build.0 = Debug|x64
		{35FA176C-16BB-4C2A-A672-F4FF30C1BEA5}.Debug|x86.ActiveCfg = Debug|Win32
		{35FA176C-16BB-4C2A-A672-F4FF30C1BEA5}.Debug|x86.Build.0 = Debug|Win32
		{35FA176C-16BB-4C2A-A672-F4FF30C1BEA5}.Release|x64.ActiveCfg = Release|x64
		{35FA176C-16BB-4C2A-A672-F4FF30C1BEA5}.Release|x64.Build.0 = Release|x64
		{35FA176C-16BB-4C2A-A672-F4FF30C1BEA5}.Release|x86.ActiveCfg = Release|Win32
		{35FA176C-16BB-4C2A-A672-F4FF30C1BEA5}.Release|x86.Build.0 = Release|Win32
		{F0716EC2-0BC5-43EA-9046-B203E0985A67}.Debug|x64.ActiveCfg = Debug|x64
		{F0716EC2-0BC5-43EA-9046-B203E0985A67}.Debug|x64.Build.0 = Debug|x64
		{F0716EC2-0BC5-43EA-9046-B203E0985A67}.Debug|x86.ActiveCfg = Debug|Win32
		{F0716EC2-0BC5-43EA-9046-B203E0985A67}.Debug|x86.Build.0 = Debug|Win32
		{F0716EC2-0BC5-43EA-9046-B203E0985A67}.Release|x64.ActiveCfg = Release|x64
		{F0716EC2-0BC5-43EA-9046-B203E0985A67}.Release|x64.Build.0 = Release|x64
		{F0716EC2-0BC5-43EA-9046-B203E0985A67}.Release|x86.ActiveCfg = Release|Win32
		{F0716EC2-0BC5-43EA-9046-B203E0985A67}.Release|x86.Build.0 = Release|Win32
	EndGlobalSection
	GlobalSection(SolutionProperties) = preSolution
		HideSolutionNode = FALSE
	EndGlobalSection
	GlobalSection(NestedProjects) = preSolution
		{5EEE52C5-C835-4A28-B162-45BBD81A1596} = {386588F6-935D-4ECB-A6FA-4175AF305794}
		{0C4854A2-CE10-4B45-B2BF-E62267446C69} = {DD122252-3B6C-4CF5-8E2B-EA8B0AC8284A}
		{EA197215-13BB-4729-9573-DB483A0EE1A3} = {5179BEF7-98F4-4C9C-BBEF-3F75E5F4B6E7}
		{35FA176C-16BB-4C2A-A672-F4FF30C1BEA5} = {955B8F33-358D-4FA7-8964-2802C4E2E937}
		{F0716EC2-0BC5-43EA-9046-B203E0985A67} = {E836A05C-6E47-48DB-A1BF-BC6036B46EA8}
	EndGlobalSection
	GlobalSection(ExtensibilityGlobals) = postSolution
		SolutionGuid = {821E903C-7CB5-4175-B4C6-0E792F5EAD6D}
	EndGlobalSection
EndGlobal
