
Microsoft Visual Studio Solution File, Format Version 12.00
# Visual Studio Version 17
VisualStudioVersion = 17.8.34330.188
MinimumVisualStudioVersion = 10.0.40219.1
Project("{2150E333-8FDC-42A3-9474-1A3956D46DE8}") = "Level0", "Level0", "{B888BA38-3F2E-488B-B422-F6E56A198B12}"
EndProject
Project("{2150E333-8FDC-42A3-9474-1A3956D46DE8}") = "Level1", "Level1", "{A57D0E1B-4C10-47AD-B7A2-78A55538DAC7}"
EndProject
Project("{2150E333-8FDC-42A3-9474-1A3956D46DE8}") = "Level2", "Level2", "{04E25E52-B79B-4721-8B44-1321EC8FA345}"
EndProject
Project("{2150E333-8FDC-42A3-9474-1A3956D46DE8}") = "Level3", "Level3", "{DD122252-3B6C-4CF5-8E2B-EA8B0AC8284A}"
EndProject
Project("{2150E333-8FDC-42A3-9474-1A3956D46DE8}") = "Level4", "Level4", "{386588F6-935D-4ECB-A6FA-4175AF305794}"
EndProject
Project("{8BC9CEB8-8B4A-11D0-8D11-00A0C91BC942}") = "EngineBase", "EngineBase\EngineBase.vcxproj", "{04874E07-BE18-4063-93F3-91C0F1256E2F}"
EndProject
Project("{8BC9CEB8-8B4A-11D0-8D11-00A0C91BC942}") = "EnginePlatform", "EnginePlatform\EnginePlatform.vcxproj", "{2615B017-9689-475A-8504-E8391753A8FF}"
EndProject
Project("{8BC9CEB8-8B4A-11D0-8D11-00A0C91BC942}") = "EngineCore", "EngineCore\EngineCore.vcxproj", "{EBB5D161-2C68-4928-845F-5199B29B7B96}"
EndProject
Project("{8BC9CEB8-8B4A-11D0-8D11-00A0C91BC942}") = "Mario", "Mario\Mario.vcxproj", "{5EEE52C5-C835-4A28-B162-45BBD81A1596}"
EndProject
Project("{8BC9CEB8-8B4A-11D0-8D11-00A0C91BC942}") = "MarioContents", "MarioContents\MarioContents.vcxproj", "{0C4854A2-CE10-4B45-B2BF-E62267446C69}"
EndProject
Global
	GlobalSection(SolutionConfigurationPlatforms) = preSolution
		Debug|x64 = Debug|x64
		Debug|x86 = Debug|x86
		Release|x64 = Release|x64
		Release|x86 = Release|x86
	EndGlobalSection
	GlobalSection(ProjectConfigurationPlatforms) = postSolution
		{04874E07-BE18-4063-93F3-91C0F1256E2F}.Debug|x64.ActiveCfg = Debug|x64
		{04874E07-BE18-4063-93F3-91C0F1256E2F}.Debug|x64.Build.0 = Debug|x64
		{04874E07-BE18-4063-93F3-91C0F1256E2F}.Debug|x86.ActiveCfg = Debug|Win32
		{04874E07-BE18-4063-93F3-91C0F1256E2F}.Debug|x86.Build.0 = Debug|Win32
		{04874E07-BE18-4063-93F3-91C0F1256E2F}.Release|x64.ActiveCfg = Release|x64
		{04874E07-BE18-4063-93F3-91C0F1256E2F}.Release|x64.Build.0 = Release|x64
		{04874E07-BE18-4063-93F3-91C0F1256E2F}.Release|x86.ActiveCfg = Release|Win32
		{04874E07-BE18-4063-93F3-91C0F1256E2F}.Release|x86.Build.0 = Release|Win32
		{2615B017-9689-475A-8504-E8391753A8FF}.Debug|x64.ActiveCfg = Debug|x64
		{2615B017-9689-475A-8504-E8391753A8FF}.Debug|x64.Build.0 = Debug|x64
		{2615B017-9689-475A-8504-E8391753A8FF}.Debug|x86.ActiveCfg = Debug|Win32
		{2615B017-9689-475A-8504-E8391753A8FF}.Debug|x86.Build.0 = Debug|Win32
		{2615B017-9689-475A-8504-E8391753A8FF}.Release|x64.ActiveCfg = Release|x64
		{2615B017-9689-475A-8504-E8391753A8FF}.Release|x64.Build.0 = Release|x64
		{2615B017-9689-475A-8504-E8391753A8FF}.Release|x86.ActiveCfg = Release|Win32
		{2615B017-9689-475A-8504-E8391753A8FF}.Release|x86.Build.0 = Release|Win32
		{EBB5D161-2C68-4928-845F-5199B29B7B96}.Debug|x64.ActiveCfg = Debug|x64
		{EBB5D161-2C68-4928-845F-5199B29B7B96}.Debug|x64.Build.0 = Debug|x64
		{EBB5D161-2C68-4928-845F-5199B29B7B96}.Debug|x86.ActiveCfg = Debug|Win32
		{EBB5D161-2C68-4928-845F-5199B29B7B96}.Debug|x86.Build.0 = Debug|Win32
		{EBB5D161-2C68-4928-845F-5199B29B7B96}.Release|x64.ActiveCfg = Release|x64
		{EBB5D161-2C68-4928-845F-5199B29B7B96}.Release|x64.Build.0 = Release|x64
		{EBB5D161-2C68-4928-845F-5199B29B7B96}.Release|x86.ActiveCfg = Release|Win32
		{EBB5D161-2C68-4928-845F-5199B29B7B96}.Release|x86.Build.0 = Release|Win32
		{5EEE52C5-C835-4A28-B162-45BBD81A1596}.Debug|x64.ActiveCfg = Debug|x64
		{5EEE52C5-C835-4A28-B162-45BBD81A1596}.Debug|x64.Build.0 = Debug|x64
		{5EEE52C5-C835-4A28-B162-45BBD81A1596}.Debug|x86.ActiveCfg = Debug|Win32
		{5EEE52C5-C835-4A28-B162-45BBD81A1596}.Debug|x86.Build.0 = Debug|Win32
		{5EEE52C5-C835-4A28-B162-45BBD81A1596}.Release|x64.ActiveCfg = Release|x64
		{5EEE52C5-C835-4A28-B162-45BBD81A1596}.Release|x64.Build.0 = Release|x64
		{5EEE52C5-C835-4A28-B162-45BBD81A1596}.Release|x86.ActiveCfg = Release|Win32
		{5EEE52C5-C835-4A28-B162-45BBD81A1596}.Release|x86.Build.0 = Release|Win32
		{0C4854A2-CE10-4B45-B2BF-E62267446C69}.Debug|x64.ActiveCfg = Debug|x64
		{0C4854A2-CE10-4B45-B2BF-E62267446C69}.Debug|x64.Build.0 = Debug|x64
		{0C4854A2-CE10-4B45-B2BF-E62267446C69}.Debug|x86.ActiveCfg = Debug|Win32
		{0C4854A2-CE10-4B45-B2BF-E62267446C69}.Debug|x86.Build.0 = Debug|Win32
		{0C4854A2-CE10-4B45-B2BF-E62267446C69}.Release|x64.ActiveCfg = Release|x64
		{0C4854A2-CE10-4B45-B2BF-E62267446C69}.Release|x64.Build.0 = Release|x64
		{0C4854A2-CE10-4B45-B2BF-E62267446C69}.Release|x86.ActiveCfg = Release|Win32
		{0C4854A2-CE10-4B45-B2BF-E62267446C69}.Release|x86.Build.0 = Release|Win32
	EndGlobalSection
	GlobalSection(SolutionProperties) = preSolution
		HideSolutionNode = FALSE
	EndGlobalSection
	GlobalSection(NestedProjects) = preSolution
		{04874E07-BE18-4063-93F3-91C0F1256E2F} = {B888BA38-3F2E-488B-B422-F6E56A198B12}
		{2615B017-9689-475A-8504-E8391753A8FF} = {A57D0E1B-4C10-47AD-B7A2-78A55538DAC7}
		{EBB5D161-2C68-4928-845F-5199B29B7B96} = {04E25E52-B79B-4721-8B44-1321EC8FA345}
		{5EEE52C5-C835-4A28-B162-45BBD81A1596} = {386588F6-935D-4ECB-A6FA-4175AF305794}
		{0C4854A2-CE10-4B45-B2BF-E62267446C69} = {DD122252-3B6C-4CF5-8E2B-EA8B0AC8284A}
	EndGlobalSection
	GlobalSection(ExtensibilityGlobals) = postSolution
		SolutionGuid = {821E903C-7CB5-4175-B4C6-0E792F5EAD6D}
	EndGlobalSection
EndGlobal
